github.com/peterstace/simplefeatures v0.59.0 h1:pmn+uh75K3CCGsJCLHnpBqgQmDECLYX3u5hfymVbqmQ=
github.com/peterstace/simplefeatures v0.59.0/go.mod h1:0QH884YeU4jOeM6Bh7EDdDFyYU1L0I0QONxwwFiknqc=
golang.org/x/text v0.38.0 h1:sXmwo9DwP3OK9EZ7PqAdaooSGozfl/3a6/xJcbzPRhE=
golang.org/x/text v0.38.0/go.mod h1:YXZt3QhHUKYT53r2lLKFIVi6Ao1jdzrTR/KQ09qyxF4=
